github.com/eiannone/keyboard v0.0.0-20220611211555-0d226195f203 h1:XBBHcIb256gUJtLmY22n99HaZTz+r2Z51xUPi01m3wg=
github.com/eiannone/keyboard v0.0.0-20220611211555-0d226195f203/go.mod h1:E1jcSv8FaEny+OP/5k9UxZVw9YFWGj7eI4KR/iOBqCg=
github.com/hymkor/go-cursorposition v0.0.4 h1:41e3GRgRqeCBIjSzGQlx+1AwbWl6FPMALyyfYHhEGsw=
github.com/hymkor/go-cursorposition v0.0.4/go.mod h1:ZoUAy4/JaFW9UhwisMWPyBvhNmtfixsRc9d1scaafBg=
github.com/hymkor/go-windows1x-virtualterminal v0.5.0 h1:UIMMK09QSLCdM9Up4ny6qmBOrrn3rozxIRPfEUhxmTo=
github.com/hymkor/go-windows1x-virtualterminal v0.5.0/go.mod h1:M/X0FJL+4wQtrm03JnL9gVyvhyscJk3t+ItZ29sla2g=
github.com/kopoli/go-terminal-size v0.0.0-20170219200355-5c97524c8b54 h1:0SMHxjkLKNawqUjjnMlCtEdj6uWZjv0+qDZ3F6GOADI=
github.com/kopoli/go-terminal-size v0.0.0-20170219200355-5c97524c8b54/go.mod h1:bm7MVZZvHQBfqHG5X59jrRE/3ak6HvK+/Zb6aZhLR2s=
github.com/mattn/go-isatty v0.0.20 h1:xfD0iDuEKnDkl03q4limB+vH+GxLEtL/jb4xVJSWWEY=
github.com/mattn/go-isatty v0.0.20/go.mod h1:W+V8PltTTMOvKvAeJH7IuucS94S2C6jfK/D7dTCTo3Y=
github.com/mattn/go-tty v0.0.7 h1:KJ486B6qI8+wBO7kQxYgmmEFDaFEE96JMBQ7h400N8Q=
github.com/mattn/go-tty v0.0.7/go.mod h1:f2i5ZOvXBU/tCABmLmOfzLz9azMo5wdAaElRNnJKr+k=
golang.org/x/sys v0.6.0/go.mod h1:oPkhp1MJrh7nUepCBck5+mAzfO9JrbApNNgaTdGDITg=
golang.org/x/sys v0.40.0 h1:DBZZqJ2Rkml6QMQsZywtnjnnGvHza6BTfYFWY9kjEWQ=
golang.org/x/sys v0.40.0/go.mod h1:OgkHotnGiDImocRcuBABYBEXf8A9a87e/uXjp9XT3ks=
golang.org/x/term v0.39.0 h1:RclSuaJf32jOqZz74CkPA9qFuVTX7vhLlpfj/IGWlqY=
golang.org/x/term v0.39.0/go.mod h1:yxzUCTP/U+FzoxfdKmLaA0RV1WgE0VY7hXBwKtY/4ww=
